// !$*UTF8*$!
{
	archiveVersion = 1;
	classes = {
	};
	objectVersion = 46;
	objects = {

/* Begin PBXBuildFile section */
		A789311E1AD86C0600462FF8 /* main.c in Sources */ = {isa = PBXBuildFile; fileRef = A789311D1AD86C0600462FF8 /* main.c */; };
		A78931261AD86C1800462FF8 /* SocketObject.c in Sources */ = {isa = PBXBuildFile; fileRef = A78931241AD86C1800462FF8 /* SocketObject.c */; };
		A78931291AD8711700462FF8 /* SocketObjectRuntime.c in Sources */ = {isa = PBXBuildFile; fileRef = A78931271AD8711700462FF8 /* SocketObjectRuntime.c */; };
		A789312C1AD871EF00462FF8 /* Util.c in Sources */ = {isa = PBXBuildFile; fileRef = A789312A1AD871EF00462FF8 /* Util.c */; };
		A7C49EB31AD9F40F00C1F7ED /* Counter.c in Sources */ = {isa = PBXBuildFile; fileRef = A7C49EB11AD9F40F00C1F7ED /* Counter.c */; };
		A7C49EB61AD9F6B900C1F7ED /* Object.c in Sources */ = {isa = PBXBuildFile; fileRef = A7C49EB41AD9F6B900C1F7ED /* Object.c */; };
		A7C49EB91AD9F6C300C1F7ED /* Classes.c in Sources */ = {isa = PBXBuildFile; fileRef = A7C49EB71AD9F6C300C1F7ED /* Classes.c */; };
		A7C49EBC1ADA24CB00C1F7ED /* Particle.c in Sources */ = {isa = PBXBuildFile; fileRef = A7C49EBA1ADA24CB00C1F7ED /* Particle.c */; };
		A7C49ED51ADA553900C1F7ED /* csapp.c in Sources */ = {isa = PBXBuildFile; fileRef = A7C49ED31ADA553900C1F7ED /* csapp.c */; };
/* End PBXBuildFile section */

/* Begin PBXCopyFilesBuildPhase section */
		A78931181AD86C0600462FF8 /* CopyFiles */ = {
			isa = PBXCopyFilesBuildPhase;
			buildActionMask = 2147483647;
			dstPath = /usr/share/man/man1/;
			dstSubfolderSpec = 0;
			files = (
			);
			runOnlyForDeploymentPostprocessing = 1;
		};
/* End PBXCopyFilesBuildPhase section */

/* Begin PBXFileReference section */
		A789311A1AD86C0600462FF8 /* SocketObjects */ = {isa = PBXFileReference; explicitFileType = "compiled.mach-o.executable"; includeInIndex = 0; path = SocketObjects; sourceTree = BUILT_PRODUCTS_DIR; };
		A789311D1AD86C0600462FF8 /* main.c */ = {isa = PBXFileReference; lastKnownFileType = sourcecode.c.c; path = main.c; sourceTree = "<group>"; };
		A78931241AD86C1800462FF8 /* SocketObject.c */ = {isa = PBXFileReference; fileEncoding = 4; lastKnownFileType = sourcecode.c.c; path = SocketObject.c; sourceTree = "<group>"; };
		A78931251AD86C1800462FF8 /* SocketObject.h */ = {isa = PBXFileReference; fileEncoding = 4; lastKnownFileType = sourcecode.c.h; path = SocketObject.h; sourceTree = "<group>"; };
		A78931271AD8711700462FF8 /* SocketObjectRuntime.c */ = {isa = PBXFileReference; fileEncoding = 4; lastKnownFileType = sourcecode.c.c; path = SocketObjectRuntime.c; sourceTree = "<group>"; };
		A78931281AD8711700462FF8 /* SocketObjectRuntime.h */ = {isa = PBXFileReference; fileEncoding = 4; lastKnownFileType = sourcecode.c.h; path = SocketObjectRuntime.h; sourceTree = "<group>"; };
		A789312A1AD871EF00462FF8 /* Util.c */ = {isa = PBXFileReference; fileEncoding = 4; lastKnownFileType = sourcecode.c.c; path = Util.c; sourceTree = "<group>"; };
		A789312B1AD871EF00462FF8 /* Util.h */ = {isa = PBXFileReference; fileEncoding = 4; lastKnownFileType = sourcecode.c.h; path = Util.h; sourceTree = "<group>"; };
		A789312E1AD8A2EB00462FF8 /* SocketObject_Private.h */ = {isa = PBXFileReference; lastKnownFileType = sourcecode.c.h; path = SocketObject_Private.h; sourceTree = "<group>"; };
		A7C49EB11AD9F40F00C1F7ED /* Counter.c */ = {isa = PBXFileReference; fileEncoding = 4; lastKnownFileType = sourcecode.c.c; path = Counter.c; sourceTree = "<group>"; };
		A7C49EB21AD9F40F00C1F7ED /* Counter.h */ = {isa = PBXFileReference; fileEncoding = 4; lastKnownFileType = sourcecode.c.h; path = Counter.h; sourceTree = "<group>"; };
		A7C49EB41AD9F6B900C1F7ED /* Object.c */ = {isa = PBXFileReference; fileEncoding = 4; lastKnownFileType = sourcecode.c.c; path = Object.c; sourceTree = "<group>"; };
		A7C49EB51AD9F6B900C1F7ED /* Object.h */ = {isa = PBXFileReference; fileEncoding = 4; lastKnownFileType = sourcecode.c.h; path = Object.h; sourceTree = "<group>"; };
		A7C49EB71AD9F6C300C1F7ED /* Classes.c */ = {isa = PBXFileReference; fileEncoding = 4; lastKnownFileType = sourcecode.c.c; path = Classes.c; sourceTree = "<group>"; };
		A7C49EB81AD9F6C300C1F7ED /* Classes.h */ = {isa = PBXFileReference; fileEncoding = 4; lastKnownFileType = sourcecode.c.h; path = Classes.h; sourceTree = "<group>"; };
		A7C49EBA1ADA24CB00C1F7ED /* Particle.c */ = {isa = PBXFileReference; fileEncoding = 4; lastKnownFileType = sourcecode.c.c; path = Particle.c; sourceTree = "<group>"; };
		A7C49EBB1ADA24CB00C1F7ED /* Particle.h */ = {isa = PBXFileReference; fileEncoding = 4; lastKnownFileType = sourcecode.c.h; path = Particle.h; sourceTree = "<group>"; };
		A7C49ED31ADA553900C1F7ED /* csapp.c */ = {isa = PBXFileReference; fileEncoding = 4; lastKnownFileType = sourcecode.c.c; path = csapp.c; sourceTree = "<group>"; };
		A7C49ED41ADA553900C1F7ED /* csapp.h */ = {isa = PBXFileReference; fileEncoding = 4; lastKnownFileType = sourcecode.c.h; path = csapp.h; sourceTree = "<group>"; };
/* End PBXFileReference section */

/* Begin PBXFrameworksBuildPhase section */
		A78931171AD86C0600462FF8 /* Frameworks */ = {
			isa = PBXFrameworksBuildPhase;
			buildActionMask = 2147483647;
			files = (
			);
			runOnlyForDeploymentPostprocessing = 0;
		};
/* End PBXFrameworksBuildPhase section */

/* Begin PBXGroup section */
		A78931111AD86C0600462FF8 = {
			isa = PBXGroup;
			children = (
				A789311C1AD86C0600462FF8 /* SocketObjects */,
				A789311B1AD86C0600462FF8 /* Products */,
			);
			sourceTree = "<group>";
		};
		A789311B1AD86C0600462FF8 /* Products */ = {
			isa = PBXGroup;
			children = (
				A789311A1AD86C0600462FF8 /* SocketObjects */,
			);
			name = Products;
			sourceTree = "<group>";
		};
		A789311C1AD86C0600462FF8 /* SocketObjects */ = {
			isa = PBXGroup;
			children = (
				A789311D1AD86C0600462FF8 /* main.c */,
				A789312B1AD871EF00462FF8 /* Util.h */,
				A789312A1AD871EF00462FF8 /* Util.c */,
				A78931281AD8711700462FF8 /* SocketObjectRuntime.h */,
				A78931271AD8711700462FF8 /* SocketObjectRuntime.c */,
				A78931251AD86C1800462FF8 /* SocketObject.h */,
				A78931241AD86C1800462FF8 /* SocketObject.c */,
				A789312E1AD8A2EB00462FF8 /* SocketObject_Private.h */,
				A7C49ED31ADA553900C1F7ED /* csapp.c */,
				A7C49ED41ADA553900C1F7ED /* csapp.h */,
				A7C49EBD1ADA435700C1F7ED /* Classes */,
			);
			path = SocketObjects;
			sourceTree = "<group>";
		};
		A7C49EBD1ADA435700C1F7ED /* Classes */ = {
			isa = PBXGroup;
			children = (
				A7C49EB71AD9F6C300C1F7ED /* Classes.c */,
				A7C49EB81AD9F6C300C1F7ED /* Classes.h */,
				A7C49EB41AD9F6B900C1F7ED /* Object.c */,
				A7C49EB51AD9F6B900C1F7ED /* Object.h */,
				A7C49EB11AD9F40F00C1F7ED /* Counter.c */,
				A7C49EB21AD9F40F00C1F7ED /* Counter.h */,
				A7C49EBA1ADA24CB00C1F7ED /* Particle.c */,
				A7C49EBB1ADA24CB00C1F7ED /* Particle.h */,
			);
			name = Classes;
			sourceTree = "<group>";
		};
/* End PBXGroup section */

/* Begin PBXNativeTarget section */
		A78931191AD86C0600462FF8 /* SocketObjects */ = {
			isa = PBXNativeTarget;
			buildConfigurationList = A78931211AD86C0600462FF8 /* Build configuration list for PBXNativeTarget "SocketObjects" */;
			buildPhases = (
				A78931161AD86C0600462FF8 /* Sources */,
				A78931171AD86C0600462FF8 /* Frameworks */,
				A78931181AD86C0600462FF8 /* CopyFiles */,
			);
			buildRules = (
			);
			dependencies = (
			);
			name = SocketObjects;
			productName = SocketObjects;
			productReference = A789311A1AD86C0600462FF8 /* SocketObjects */;
			productType = "com.apple.product-type.tool";
		};
/* End PBXNativeTarget section */

/* Begin PBXProject section */
		A78931121AD86C0600462FF8 /* Project object */ = {
			isa = PBXProject;
			attributes = {
				LastUpgradeCheck = 0620;
				ORGANIZATIONNAME = "Kyle Bailey";
				TargetAttributes = {
					A78931191AD86C0600462FF8 = {
						CreatedOnToolsVersion = 6.2;
					};
				};
			};
			buildConfigurationList = A78931151AD86C0600462FF8 /* Build configuration list for PBXProject "SocketObjects" */;
			compatibilityVersion = "Xcode 3.2";
			developmentRegion = English;
			hasScannedForEncodings = 0;
			knownRegions = (
				en,
			);
			mainGroup = A78931111AD86C0600462FF8;
			productRefGroup = A789311B1AD86C0600462FF8 /* Products */;
			projectDirPath = "";
			projectRoot = "";
			targets = (
				A78931191AD86C0600462FF8 /* SocketObjects */,
			);
		};
/* End PBXProject section */

/* Begin PBXSourcesBuildPhase section */
		A78931161AD86C0600462FF8 /* Sources */ = {
			isa = PBXSourcesBuildPhase;
			buildActionMask = 2147483647;
			files = (
				A7C49EB91AD9F6C300C1F7ED /* Classes.c in Sources */,
				A789311E1AD86C0600462FF8 /* main.c in Sources */,
				A789312C1AD871EF00462FF8 /* Util.c in Sources */,
				A78931261AD86C1800462FF8 /* SocketObject.c in Sources */,
				A7C49EB31AD9F40F00C1F7ED /* Counter.c in Sources */,
				A7C49EBC1ADA24CB00C1F7ED /* Particle.c in Sources */,
				A7C49ED51ADA553900C1F7ED /* csapp.c in Sources */,
				A7C49EB61AD9F6B900C1F7ED /* Object.c in Sources */,
				A78931291AD8711700462FF8 /* SocketObjectRuntime.c in Sources */,
			);
			runOnlyForDeploymentPostprocessing = 0;
		};
/* End PBXSourcesBuildPhase section */

/* Begin XCBuildConfiguration section */
		A789311F1AD86C0600462FF8 /* Debug */ = {
			isa = XCBuildConfiguration;
			buildSettings = {
				ALWAYS_SEARCH_USER_PATHS = NO;
				CLANG_CXX_LANGUAGE_STANDARD = "gnu++0x";
				CLANG_CXX_LIBRARY = "libc++";
				CLANG_ENABLE_MODULES = YES;
				CLANG_ENABLE_OBJC_ARC = YES;
				CLANG_WARN_BOOL_CONVERSION = YES;
				CLANG_WARN_CONSTANT_CONVERSION = YES;
				CLANG_WARN_DIRECT_OBJC_ISA_USAGE = YES_ERROR;
				CLANG_WARN_EMPTY_BODY = YES;
				CLANG_WARN_ENUM_CONVERSION = YES;
				CLANG_WARN_INT_CONVERSION = YES;
				CLANG_WARN_OBJC_ROOT_CLASS = YES_ERROR;
				CLANG_WARN_UNREACHABLE_CODE = YES;
				CLANG_WARN__DUPLICATE_METHOD_MATCH = YES;
				COPY_PHASE_STRIP = NO;
				ENABLE_STRICT_OBJC_MSGSEND = YES;
				GCC_C_LANGUAGE_STANDARD = gnu99;
				GCC_DYNAMIC_NO_PIC = NO;
				GCC_OPTIMIZATION_LEVEL = 0;
				GCC_PREPROCESSOR_DEFINITIONS = (
					"DEBUG=1",
					"$(inherited)",
				);
				GCC_SYMBOLS_PRIVATE_EXTERN = NO;
				GCC_WARN_64_TO_32_BIT_CONVERSION = YES;
				GCC_WARN_ABOUT_RETURN_TYPE = YES_ERROR;
				GCC_WARN_UNDECLARED_SELECTOR = YES;
				GCC_WARN_UNINITIALIZED_AUTOS = YES_AGGRESSIVE;
				GCC_WARN_UNUSED_FUNCTION = YES;
				GCC_WARN_UNUSED_VARIABLE = YES;
				MACOSX_DEPLOYMENT_TARGET = 10.10;
				MTL_ENABLE_DEBUG_INFO = YES;
				ONLY_ACTIVE_ARCH = YES;
				SDKROOT = macosx;
			};
			name = Debug;
		};
		A78931201AD86C0600462FF8 /* Release */ = {
			isa = XCBuildConfiguration;
			buildSettings = {
				ALWAYS_SEARCH_USER_PATHS = NO;
				CLANG_CXX_LANGUAGE_STANDARD = "gnu++0x";
				CLANG_CXX_LIBRARY = "libc++";
				CLANG_ENABLE_MODULES = YES;
				CLANG_ENABLE_OBJC_ARC = YES;
				CLANG_WARN_BOOL_CONVERSION = YES;
				CLANG_WARN_CONSTANT_CONVERSION = YES;
				CLANG_WARN_DIRECT_OBJC_ISA_USAGE = YES_ERROR;
				CLANG_WARN_EMPTY_BODY = YES;
				CLANG_WARN_ENUM_CONVERSION = YES;
				CLANG_WARN_INT_CONVERSION = YES;
				CLANG_WARN_OBJC_ROOT_CLASS = YES_ERROR;
				CLANG_WARN_UNREACHABLE_CODE = YES;
				CLANG_WARN__DUPLICATE_METHOD_MATCH = YES;
				COPY_PHASE_STRIP = NO;
				DEBUG_INFORMATION_FORMAT = "dwarf-with-dsym";
				ENABLE_NS_ASSERTIONS = NO;
				ENABLE_STRICT_OBJC_MSGSEND = YES;
				GCC_C_LANGUAGE_STANDARD = gnu99;
				GCC_WARN_64_TO_32_BIT_CONVERSION = YES;
				GCC_WARN_ABOUT_RETURN_TYPE = YES_ERROR;
				GCC_WARN_UNDECLARED_SELECTOR = YES;
				GCC_WARN_UNINITIALIZED_AUTOS = YES_AGGRESSIVE;
				GCC_WARN_UNUSED_FUNCTION = YES;
				GCC_WARN_UNUSED_VARIABLE = YES;
				MACOSX_DEPLOYMENT_TARGET = 10.10;
				MTL_ENABLE_DEBUG_INFO = NO;
				SDKROOT = macosx;
			};
			name = Release;
		};
		A78931221AD86C0600462FF8 /* Debug */ = {
			isa = XCBuildConfiguration;
			buildSettings = {
				PRODUCT_NAME = "$(TARGET_NAME)";
			};
			name = Debug;
		};
		A78931231AD86C0600462FF8 /* Release */ = {
			isa = XCBuildConfiguration;
			buildSettings = {
				PRODUCT_NAME = "$(TARGET_NAME)";
			};
			name = Release;
		};
/* End XCBuildConfiguration section */

/* Begin XCConfigurationList section */
		A78931151AD86C0600462FF8 /* Build configuration list for PBXProject "SocketObjects" */ = {
			isa = XCConfigurationList;
			buildConfigurations = (
				A789311F1AD86C0600462FF8 /* Debug */,
				A78931201AD86C0600462FF8 /* Release */,
			);
			defaultConfigurationIsVisible = 0;
			defaultConfigurationName = Release;
		};
		A78931211AD86C0600462FF8 /* Build configuration list for PBXNativeTarget "SocketObjects" */ = {
			isa = XCConfigurationList;
			buildConfigurations = (
				A78931221AD86C0600462FF8 /* Debug */,
				A78931231AD86C0600462FF8 /* Release */,
			);
			defaultConfigurationIsVisible = 0;
			defaultConfigurationName = Release;
		};
/* End XCConfigurationList section */
	};
	rootObject = A78931121AD86C0600462FF8 /* Project object */;
}
